// !$*UTF8*$!
{
	archiveVersion = 1;
	classes = {
	};
	objectVersion = 56;
	objects = {

/* Begin PBXBuildFile section */
		7196F07E29EEB90800A36403 /* AppDelegate.swift in Sources */ = {isa = PBXBuildFile; fileRef = 7196F07D29EEB90800A36403 /* AppDelegate.swift */; };
		7196F08029EEB90800A36403 /* SceneDelegate.swift in Sources */ = {isa = PBXBuildFile; fileRef = 7196F07F29EEB90800A36403 /* SceneDelegate.swift */; };
		7196F08229EEB90800A36403 /* ViewController.swift in Sources */ = {isa = PBXBuildFile; fileRef = 7196F08129EEB90800A36403 /* ViewController.swift */; };
		7196F08529EEB90800A36403 /* Main.storyboard in Resources */ = {isa = PBXBuildFile; fileRef = 7196F08329EEB90800A36403 /* Main.storyboard */; };
		7196F08829EEB90800A36403 /* EducationApp.xcdatamodeld in Sources */ = {isa = PBXBuildFile; fileRef = 7196F08629EEB90800A36403 /* EducationApp.xcdatamodeld */; };
		7196F08A29EEB90A00A36403 /* Assets.xcassets in Resources */ = {isa = PBXBuildFile; fileRef = 7196F08929EEB90A00A36403 /* Assets.xcassets */; };
		7196F08D29EEB90A00A36403 /* LaunchScreen.storyboard in Resources */ = {isa = PBXBuildFile; fileRef = 7196F08B29EEB90A00A36403 /* LaunchScreen.storyboard */; };
		7196F09529EEBC3500A36403 /* AddBookViewController.swift in Sources */ = {isa = PBXBuildFile; fileRef = 7196F09429EEBC3500A36403 /* AddBookViewController.swift */; };
		7196F09C29EEBF3300A36403 /* Book+CoreDataClass.swift in Sources */ = {isa = PBXBuildFile; fileRef = 7196F09A29EEBF3300A36403 /* Book+CoreDataClass.swift */; };
		7196F09D29EEBF3300A36403 /* Book+CoreDataProperties.swift in Sources */ = {isa = PBXBuildFile; fileRef = 7196F09B29EEBF3300A36403 /* Book+CoreDataProperties.swift */; };
		7196F09F29EEBF7300A36403 /* DBManager.swift in Sources */ = {isa = PBXBuildFile; fileRef = 7196F09E29EEBF7300A36403 /* DBManager.swift */; };
		7196FFD029F18F6600D3C835 /* EducationAppTests.swift in Sources */ = {isa = PBXBuildFile; fileRef = 7196FFCF29F18F6600D3C835 /* EducationAppTests.swift */; };
		7196FFD729F1905100D3C835 /* addBookVCTests.swift in Sources */ = {isa = PBXBuildFile; fileRef = 7196FFD629F1905100D3C835 /* addBookVCTests.swift */; };
		7196FFD929F1ABF000D3C835 /* pickerViewTests.swift in Sources */ = {isa = PBXBuildFile; fileRef = 7196FFD829F1ABF000D3C835 /* pickerViewTests.swift */; };
		7196FFDB29F1B69700D3C835 /* ViewControllerTests.swift in Sources */ = {isa = PBXBuildFile; fileRef = 7196FFDA29F1B69700D3C835 /* ViewControllerTests.swift */; };
		7196FFE329F1C54200D3C835 /* EducationAppUITests.swift in Sources */ = {isa = PBXBuildFile; fileRef = 7196FFE229F1C54200D3C835 /* EducationAppUITests.swift */; };
		7196FFE529F1C54200D3C835 /* EducationAppUITestsLaunchTests.swift in Sources */ = {isa = PBXBuildFile; fileRef = 7196FFE429F1C54200D3C835 /* EducationAppUITestsLaunchTests.swift */; };
		7196FFEC29F1D73600D3C835 /* pickerUITests.swift in Sources */ = {isa = PBXBuildFile; fileRef = 7196FFEB29F1D73600D3C835 /* pickerUITests.swift */; };
		7197C68729FA366A00131590 /* CalculateController.swift in Sources */ = {isa = PBXBuildFile; fileRef = 7197C68629FA366A00131590 /* CalculateController.swift */; };
		7199631C29FA507D00CF205C /* CalculationTest.swift in Sources */ = {isa = PBXBuildFile; fileRef = 7199631B29FA507D00CF205C /* CalculationTest.swift */; };
		7199632229FA50DC00CF205C /* CalculateController.swift in Sources */ = {isa = PBXBuildFile; fileRef = 7197C68629FA366A00131590 /* CalculateController.swift */; };
/* End PBXBuildFile section */

/* Begin PBXContainerItemProxy section */
		7196FFD129F18F6600D3C835 /* PBXContainerItemProxy */ = {
			isa = PBXContainerItemProxy;
			containerPortal = 7196F07229EEB90800A36403 /* Project object */;
			proxyType = 1;
			remoteGlobalIDString = 7196F07929EEB90800A36403;
			remoteInfo = EducationApp;
		};
		7196FFE629F1C54200D3C835 /* PBXContainerItemProxy */ = {
			isa = PBXContainerItemProxy;
			containerPortal = 7196F07229EEB90800A36403 /* Project object */;
			proxyType = 1;
			remoteGlobalIDString = 7196F07929EEB90800A36403;
			remoteInfo = EducationApp;
		};
		7199631D29FA507D00CF205C /* PBXContainerItemProxy */ = {
			isa = PBXContainerItemProxy;
			containerPortal = 7196F07229EEB90800A36403 /* Project object */;
			proxyType = 1;
			remoteGlobalIDString = 7196F07929EEB90800A36403;
			remoteInfo = EducationApp;
		};
/* End PBXContainerItemProxy section */

/* Begin PBXFileReference section */
		7196F07A29EEB90800A36403 /* EducationApp.app */ = {isa = PBXFileReference; explicitFileType = wrapper.application; includeInIndex = 0; path = EducationApp.app; sourceTree = BUILT_PRODUCTS_DIR; };
		7196F07D29EEB90800A36403 /* AppDelegate.swift */ = {isa = PBXFileReference; lastKnownFileType = sourcecode.swift; path = AppDelegate.swift; sourceTree = "<group>"; };
		7196F07F29EEB90800A36403 /* SceneDelegate.swift */ = {isa = PBXFileReference; lastKnownFileType = sourcecode.swift; path = SceneDelegate.swift; sourceTree = "<group>"; };
		7196F08129EEB90800A36403 /* ViewController.swift */ = {isa = PBXFileReference; lastKnownFileType = sourcecode.swift; path = ViewController.swift; sourceTree = "<group>"; };
		7196F08429EEB90800A36403 /* Base */ = {isa = PBXFileReference; lastKnownFileType = file.storyboard; name = Base; path = Base.lproj/Main.storyboard; sourceTree = "<group>"; };
		7196F08729EEB90800A36403 /* EducationApp.xcdatamodel */ = {isa = PBXFileReference; lastKnownFileType = wrapper.xcdatamodel; path = EducationApp.xcdatamodel; sourceTree = "<group>"; };
		7196F08929EEB90A00A36403 /* Assets.xcassets */ = {isa = PBXFileReference; lastKnownFileType = folder.assetcatalog; path = Assets.xcassets; sourceTree = "<group>"; };
		7196F08C29EEB90A00A36403 /* Base */ = {isa = PBXFileReference; lastKnownFileType = file.storyboard; name = Base; path = Base.lproj/LaunchScreen.storyboard; sourceTree = "<group>"; };
		7196F08E29EEB90A00A36403 /* Info.plist */ = {isa = PBXFileReference; lastKnownFileType = text.plist.xml; path = Info.plist; sourceTree = "<group>"; };
		7196F09429EEBC3500A36403 /* AddBookViewController.swift */ = {isa = PBXFileReference; lastKnownFileType = sourcecode.swift; path = AddBookViewController.swift; sourceTree = "<group>"; };
		7196F09A29EEBF3300A36403 /* Book+CoreDataClass.swift */ = {isa = PBXFileReference; lastKnownFileType = sourcecode.swift; path = "Book+CoreDataClass.swift"; sourceTree = SOURCE_ROOT; };
		7196F09B29EEBF3300A36403 /* Book+CoreDataProperties.swift */ = {isa = PBXFileReference; lastKnownFileType = sourcecode.swift; path = "Book+CoreDataProperties.swift"; sourceTree = SOURCE_ROOT; };
		7196F09E29EEBF7300A36403 /* DBManager.swift */ = {isa = PBXFileReference; lastKnownFileType = sourcecode.swift; path = DBManager.swift; sourceTree = "<group>"; };
		7196FFCD29F18F6600D3C835 /* EducationAppTests.xctest */ = {isa = PBXFileReference; explicitFileType = wrapper.cfbundle; includeInIndex = 0; path = EducationAppTests.xctest; sourceTree = BUILT_PRODUCTS_DIR; };
		7196FFCF29F18F6600D3C835 /* EducationAppTests.swift */ = {isa = PBXFileReference; lastKnownFileType = sourcecode.swift; path = EducationAppTests.swift; sourceTree = "<group>"; };
		7196FFD629F1905100D3C835 /* addBookVCTests.swift */ = {isa = PBXFileReference; lastKnownFileType = sourcecode.swift; path = addBookVCTests.swift; sourceTree = "<group>"; };
		7196FFD829F1ABF000D3C835 /* pickerViewTests.swift */ = {isa = PBXFileReference; lastKnownFileType = sourcecode.swift; path = pickerViewTests.swift; sourceTree = "<group>"; };
		7196FFDA29F1B69700D3C835 /* ViewControllerTests.swift */ = {isa = PBXFileReference; lastKnownFileType = sourcecode.swift; path = ViewControllerTests.swift; sourceTree = "<group>"; };
		7196FFE029F1C54200D3C835 /* EducationAppUITests.xctest */ = {isa = PBXFileReference; explicitFileType = wrapper.cfbundle; includeInIndex = 0; path = EducationAppUITests.xctest; sourceTree = BUILT_PRODUCTS_DIR; };
		7196FFE229F1C54200D3C835 /* EducationAppUITests.swift */ = {isa = PBXFileReference; lastKnownFileType = sourcecode.swift; path = EducationAppUITests.swift; sourceTree = "<group>"; };
		7196FFE429F1C54200D3C835 /* EducationAppUITestsLaunchTests.swift */ = {isa = PBXFileReference; lastKnownFileType = sourcecode.swift; path = EducationAppUITestsLaunchTests.swift; sourceTree = "<group>"; };
		7196FFEB29F1D73600D3C835 /* pickerUITests.swift */ = {isa = PBXFileReference; lastKnownFileType = sourcecode.swift; path = pickerUITests.swift; sourceTree = "<group>"; };
		7197C68629FA366A00131590 /* CalculateController.swift */ = {isa = PBXFileReference; lastKnownFileType = sourcecode.swift; path = CalculateController.swift; sourceTree = "<group>"; };
		7199631929FA507D00CF205C /* CalculationTest.xctest */ = {isa = PBXFileReference; explicitFileType = wrapper.cfbundle; includeInIndex = 0; path = CalculationTest.xctest; sourceTree = BUILT_PRODUCTS_DIR; };
		7199631B29FA507D00CF205C /* CalculationTest.swift */ = {isa = PBXFileReference; lastKnownFileType = sourcecode.swift; path = CalculationTest.swift; sourceTree = "<group>"; };
/* End PBXFileReference section */

/* Begin PBXFrameworksBuildPhase section */
		7196F07729EEB90800A36403 /* Frameworks */ = {
			isa = PBXFrameworksBuildPhase;
			buildActionMask = 2147483647;
			files = (
			);
			runOnlyForDeploymentPostprocessing = 0;
		};
		7196FFCA29F18F6600D3C835 /* Frameworks */ = {
			isa = PBXFrameworksBuildPhase;
			buildActionMask = 2147483647;
			files = (
			);
			runOnlyForDeploymentPostprocessing = 0;
		};
		7196FFDD29F1C54200D3C835 /* Frameworks */ = {
			isa = PBXFrameworksBuildPhase;
			buildActionMask = 2147483647;
			files = (
			);
			runOnlyForDeploymentPostprocessing = 0;
		};
		7199631629FA507D00CF205C /* Frameworks */ = {
			isa = PBXFrameworksBuildPhase;
			buildActionMask = 2147483647;
			files = (
			);
			runOnlyForDeploymentPostprocessing = 0;
		};
/* End PBXFrameworksBuildPhase section */

/* Begin PBXGroup section */
		7196F07129EEB90800A36403 = {
			isa = PBXGroup;
			children = (
				7196F07C29EEB90800A36403 /* EducationApp */,
				7196FFCE29F18F6600D3C835 /* EducationAppTests */,
				7196FFE129F1C54200D3C835 /* EducationAppUITests */,
				7199631A29FA507D00CF205C /* CalculationTest */,
				7196F07B29EEB90800A36403 /* Products */,
			);
			sourceTree = "<group>";
		};
		7196F07B29EEB90800A36403 /* Products */ = {
			isa = PBXGroup;
			children = (
				7196F07A29EEB90800A36403 /* EducationApp.app */,
				7196FFCD29F18F6600D3C835 /* EducationAppTests.xctest */,
				7196FFE029F1C54200D3C835 /* EducationAppUITests.xctest */,
				7199631929FA507D00CF205C /* CalculationTest.xctest */,
			);
			name = Products;
			sourceTree = "<group>";
		};
		7196F07C29EEB90800A36403 /* EducationApp */ = {
			isa = PBXGroup;
			children = (
				7196F09A29EEBF3300A36403 /* Book+CoreDataClass.swift */,
				7196F09B29EEBF3300A36403 /* Book+CoreDataProperties.swift */,
				7196F07D29EEB90800A36403 /* AppDelegate.swift */,
				7196F07F29EEB90800A36403 /* SceneDelegate.swift */,
				7196F08129EEB90800A36403 /* ViewController.swift */,
				7196F08329EEB90800A36403 /* Main.storyboard */,
				7196F08929EEB90A00A36403 /* Assets.xcassets */,
				7196F08B29EEB90A00A36403 /* LaunchScreen.storyboard */,
				7196F08E29EEB90A00A36403 /* Info.plist */,
				7196F08629EEB90800A36403 /* EducationApp.xcdatamodeld */,
				7196F09429EEBC3500A36403 /* AddBookViewController.swift */,
				7196F09E29EEBF7300A36403 /* DBManager.swift */,
				7197C68629FA366A00131590 /* CalculateController.swift */,
			);
			path = EducationApp;
			sourceTree = "<group>";
		};
		7196FFCE29F18F6600D3C835 /* EducationAppTests */ = {
			isa = PBXGroup;
			children = (
				7196FFCF29F18F6600D3C835 /* EducationAppTests.swift */,
				7196FFD629F1905100D3C835 /* addBookVCTests.swift */,
				7196FFD829F1ABF000D3C835 /* pickerViewTests.swift */,
				7196FFDA29F1B69700D3C835 /* ViewControllerTests.swift */,
			);
			path = EducationAppTests;
			sourceTree = "<group>";
		};
		7196FFE129F1C54200D3C835 /* EducationAppUITests */ = {
			isa = PBXGroup;
			children = (
				7196FFE229F1C54200D3C835 /* EducationAppUITests.swift */,
				7196FFE429F1C54200D3C835 /* EducationAppUITestsLaunchTests.swift */,
				7196FFEB29F1D73600D3C835 /* pickerUITests.swift */,
			);
			path = EducationAppUITests;
			sourceTree = "<group>";
		};
		7199631A29FA507D00CF205C /* CalculationTest */ = {
			isa = PBXGroup;
			children = (
				7199631B29FA507D00CF205C /* CalculationTest.swift */,
			);
			path = CalculationTest;
			sourceTree = "<group>";
		};
/* End PBXGroup section */

/* Begin PBXNativeTarget section */
		7196F07929EEB90800A36403 /* EducationApp */ = {
			isa = PBXNativeTarget;
			buildConfigurationList = 7196F09129EEB90A00A36403 /* Build configuration list for PBXNativeTarget "EducationApp" */;
			buildPhases = (
				7196F07629EEB90800A36403 /* Sources */,
				7196F07729EEB90800A36403 /* Frameworks */,
				7196F07829EEB90800A36403 /* Resources */,
			);
			buildRules = (
			);
			dependencies = (
			);
			name = EducationApp;
			productName = EducationApp;
			productReference = 7196F07A29EEB90800A36403 /* EducationApp.app */;
			productType = "com.apple.product-type.application";
		};
		7196FFCC29F18F6600D3C835 /* EducationAppTests */ = {
			isa = PBXNativeTarget;
			buildConfigurationList = 7196FFD529F18F6600D3C835 /* Build configuration list for PBXNativeTarget "EducationAppTests" */;
			buildPhases = (
				7196FFC929F18F6600D3C835 /* Sources */,
				7196FFCA29F18F6600D3C835 /* Frameworks */,
				7196FFCB29F18F6600D3C835 /* Resources */,
			);
			buildRules = (
			);
			dependencies = (
				7196FFD229F18F6600D3C835 /* PBXTargetDependency */,
			);
			name = EducationAppTests;
			productName = EducationAppTests;
			productReference = 7196FFCD29F18F6600D3C835 /* EducationAppTests.xctest */;
			productType = "com.apple.product-type.bundle.unit-test";
		};
		7196FFDF29F1C54200D3C835 /* EducationAppUITests */ = {
			isa = PBXNativeTarget;
			buildConfigurationList = 7196FFE829F1C54200D3C835 /* Build configuration list for PBXNativeTarget "EducationAppUITests" */;
			buildPhases = (
				7196FFDC29F1C54200D3C835 /* Sources */,
				7196FFDD29F1C54200D3C835 /* Frameworks */,
				7196FFDE29F1C54200D3C835 /* Resources */,
			);
			buildRules = (
			);
			dependencies = (
				7196FFE729F1C54200D3C835 /* PBXTargetDependency */,
			);
			name = EducationAppUITests;
			productName = EducationAppUITests;
			productReference = 7196FFE029F1C54200D3C835 /* EducationAppUITests.xctest */;
			productType = "com.apple.product-type.bundle.ui-testing";
		};
		7199631829FA507D00CF205C /* CalculationTest */ = {
			isa = PBXNativeTarget;
			buildConfigurationList = 7199632129FA507D00CF205C /* Build configuration list for PBXNativeTarget "CalculationTest" */;
			buildPhases = (
				7199631529FA507D00CF205C /* Sources */,
				7199631629FA507D00CF205C /* Frameworks */,
				7199631729FA507D00CF205C /* Resources */,
			);
			buildRules = (
			);
			dependencies = (
				7199631E29FA507D00CF205C /* PBXTargetDependency */,
			);
			name = CalculationTest;
			productName = CalculationTest;
			productReference = 7199631929FA507D00CF205C /* CalculationTest.xctest */;
			productType = "com.apple.product-type.bundle.unit-test";
		};
/* End PBXNativeTarget section */

/* Begin PBXProject section */
		7196F07229EEB90800A36403 /* Project object */ = {
			isa = PBXProject;
			attributes = {
				BuildIndependentTargetsInParallel = 1;
				LastSwiftUpdateCheck = 1420;
				LastUpgradeCheck = 1420;
				TargetAttributes = {
					7196F07929EEB90800A36403 = {
						CreatedOnToolsVersion = 14.2;
					};
					7196FFCC29F18F6600D3C835 = {
						CreatedOnToolsVersion = 14.2;
						TestTargetID = 7196F07929EEB90800A36403;
					};
					7196FFDF29F1C54200D3C835 = {
						CreatedOnToolsVersion = 14.2;
						TestTargetID = 7196F07929EEB90800A36403;
					};
					7199631829FA507D00CF205C = {
						CreatedOnToolsVersion = 14.2;
						TestTargetID = 7196F07929EEB90800A36403;
					};
				};
			};
			buildConfigurationList = 7196F07529EEB90800A36403 /* Build configuration list for PBXProject "EducationApp" */;
			compatibilityVersion = "Xcode 14.0";
			developmentRegion = en;
			hasScannedForEncodings = 0;
			knownRegions = (
				en,
				Base,
			);
			mainGroup = 7196F07129EEB90800A36403;
			productRefGroup = 7196F07B29EEB90800A36403 /* Products */;
			projectDirPath = "";
			projectRoot = "";
			targets = (
				7196F07929EEB90800A36403 /* EducationApp */,
				7196FFCC29F18F6600D3C835 /* EducationAppTests */,
				7196FFDF29F1C54200D3C835 /* EducationAppUITests */,
				7199631829FA507D00CF205C /* CalculationTest */,
			);
		};
/* End PBXProject section */

/* Begin PBXResourcesBuildPhase section */
		7196F07829EEB90800A36403 /* Resources */ = {
			isa = PBXResourcesBuildPhase;
			buildActionMask = 2147483647;
			files = (
				7196F08D29EEB90A00A36403 /* LaunchScreen.storyboard in Resources */,
				7196F08A29EEB90A00A36403 /* Assets.xcassets in Resources */,
				7196F08529EEB90800A36403 /* Main.storyboard in Resources */,
			);
			runOnlyForDeploymentPostprocessing = 0;
		};
		7196FFCB29F18F6600D3C835 /* Resources */ = {
			isa = PBXResourcesBuildPhase;
			buildActionMask = 2147483647;
			files = (
			);
			runOnlyForDeploymentPostprocessing = 0;
		};
		7196FFDE29F1C54200D3C835 /* Resources */ = {
			isa = PBXResourcesBuildPhase;
			buildActionMask = 2147483647;
			files = (
			);
			runOnlyForDeploymentPostprocessing = 0;
		};
		7199631729FA507D00CF205C /* Resources */ = {
			isa = PBXResourcesBuildPhase;
			buildActionMask = 2147483647;
			files = (
			);
			runOnlyForDeploymentPostprocessing = 0;
		};
/* End PBXResourcesBuildPhase section */

/* Begin PBXSourcesBuildPhase section */
		7196F07629EEB90800A36403 /* Sources */ = {
			isa = PBXSourcesBuildPhase;
			buildActionMask = 2147483647;
			files = (
				7196F08229EEB90800A36403 /* ViewController.swift in Sources */,
				7196F09529EEBC3500A36403 /* AddBookViewController.swift in Sources */,
				7196F07E29EEB90800A36403 /* AppDelegate.swift in Sources */,
				7197C68729FA366A00131590 /* CalculateController.swift in Sources */,
				7196F09F29EEBF7300A36403 /* DBManager.swift in Sources */,
				7196F08829EEB90800A36403 /* EducationApp.xcdatamodeld in Sources */,
				7196F09C29EEBF3300A36403 /* Book+CoreDataClass.swift in Sources */,
				7196F09D29EEBF3300A36403 /* Book+CoreDataProperties.swift in Sources */,
				7196F08029EEB90800A36403 /* SceneDelegate.swift in Sources */,
			);
			runOnlyForDeploymentPostprocessing = 0;
		};
		7196FFC929F18F6600D3C835 /* Sources */ = {
			isa = PBXSourcesBuildPhase;
			buildActionMask = 2147483647;
			files = (
				7196FFD029F18F6600D3C835 /* EducationAppTests.swift in Sources */,
				7196FFD929F1ABF000D3C835 /* pickerViewTests.swift in Sources */,
				7196FFDB29F1B69700D3C835 /* ViewControllerTests.swift in Sources */,
				7196FFD729F1905100D3C835 /* addBookVCTests.swift in Sources */,
			);
			runOnlyForDeploymentPostprocessing = 0;
		};
		7196FFDC29F1C54200D3C835 /* Sources */ = {
			isa = PBXSourcesBuildPhase;
			buildActionMask = 2147483647;
			files = (
				7196FFE329F1C54200D3C835 /* EducationAppUITests.swift in Sources */,
				7196FFEC29F1D73600D3C835 /* pickerUITests.swift in Sources */,
				7196FFE529F1C54200D3C835 /* EducationAppUITestsLaunchTests.swift in Sources */,
			);
			runOnlyForDeploymentPostprocessing = 0;
		};
		7199631529FA507D00CF205C /* Sources */ = {
			isa = PBXSourcesBuildPhase;
			buildActionMask = 2147483647;
			files = (
				7199632229FA50DC00CF205C /* CalculateController.swift in Sources */,
				7199631C29FA507D00CF205C /* CalculationTest.swift in Sources */,
			);
			runOnlyForDeploymentPostprocessing = 0;
		};
/* End PBXSourcesBuildPhase section */

/* Begin PBXTargetDependency section */
		7196FFD229F18F6600D3C835 /* PBXTargetDependency */ = {
			isa = PBXTargetDependency;
			target = 7196F07929EEB90800A36403 /* EducationApp */;
			targetProxy = 7196FFD129F18F6600D3C835 /* PBXContainerItemProxy */;
		};
		7196FFE729F1C54200D3C835 /* PBXTargetDependency */ = {
			isa = PBXTargetDependency;
			target = 7196F07929EEB90800A36403 /* EducationApp */;
			targetProxy = 7196FFE629F1C54200D3C835 /* PBXContainerItemProxy */;
		};
		7199631E29FA507D00CF205C /* PBXTargetDependency */ = {
			isa = PBXTargetDependency;
			target = 7196F07929EEB90800A36403 /* EducationApp */;
			targetProxy = 7199631D29FA507D00CF205C /* PBXContainerItemProxy */;
		};
/* End PBXTargetDependency section */

/* Begin PBXVariantGroup section */
		7196F08329EEB90800A36403 /* Main.storyboard */ = {
			isa = PBXVariantGroup;
			children = (
				7196F08429EEB90800A36403 /* Base */,
			);
			name = Main.storyboard;
			sourceTree = "<group>";
		};
		7196F08B29EEB90A00A36403 /* LaunchScreen.storyboard */ = {
			isa = PBXVariantGroup;
			children = (
				7196F08C29EEB90A00A36403 /* Base */,
			);
			name = LaunchScreen.storyboard;
			sourceTree = "<group>";
		};
/* End PBXVariantGroup section */

/* Begin XCBuildConfiguration section */
		7196F08F29EEB90A00A36403 /* Debug */ = {
			isa = XCBuildConfiguration;
			buildSettings = {
				ALWAYS_SEARCH_USER_PATHS = NO;
				CLANG_ANALYZER_NONNULL = YES;
				CLANG_ANALYZER_NUMBER_OBJECT_CONVERSION = YES_AGGRESSIVE;
				CLANG_CXX_LANGUAGE_STANDARD = "gnu++20";
				CLANG_ENABLE_MODULES = YES;
				CLANG_ENABLE_OBJC_ARC = YES;
				CLANG_ENABLE_OBJC_WEAK = YES;
				CLANG_WARN_BLOCK_CAPTURE_AUTORELEASING = YES;
				CLANG_WARN_BOOL_CONVERSION = YES;
				CLANG_WARN_COMMA = YES;
				CLANG_WARN_CONSTANT_CONVERSION = YES;
				CLANG_WARN_DEPRECATED_OBJC_IMPLEMENTATIONS = YES;
				CLANG_WARN_DIRECT_OBJC_ISA_USAGE = YES_ERROR;
				CLANG_WARN_DOCUMENTATION_COMMENTS = YES;
				CLANG_WARN_EMPTY_BODY = YES;
				CLANG_WARN_ENUM_CONVERSION = YES;
				CLANG_WARN_INFINITE_RECURSION = YES;
				CLANG_WARN_INT_CONVERSION = YES;
				CLANG_WARN_NON_LITERAL_NULL_CONVERSION = YES;
				CLANG_WARN_OBJC_IMPLICIT_RETAIN_SELF = YES;
				CLANG_WARN_OBJC_LITERAL_CONVERSION = YES;
				CLANG_WARN_OBJC_ROOT_CLASS = YES_ERROR;
				CLANG_WARN_QUOTED_INCLUDE_IN_FRAMEWORK_HEADER = YES;
				CLANG_WARN_RANGE_LOOP_ANALYSIS = YES;
				CLANG_WARN_STRICT_PROTOTYPES = YES;
				CLANG_WARN_SUSPICIOUS_MOVE = YES;
				CLANG_WARN_UNGUARDED_AVAILABILITY = YES_AGGRESSIVE;
				CLANG_WARN_UNREACHABLE_CODE = YES;
				CLANG_WARN__DUPLICATE_METHOD_MATCH = YES;
				COPY_PHASE_STRIP = NO;
				DEBUG_INFORMATION_FORMAT = dwarf;
				ENABLE_STRICT_OBJC_MSGSEND = YES;
				ENABLE_TESTABILITY = YES;
				GCC_C_LANGUAGE_STANDARD = gnu11;
				GCC_DYNAMIC_NO_PIC = NO;
				GCC_NO_COMMON_BLOCKS = YES;
				GCC_OPTIMIZATION_LEVEL = 0;
				GCC_PREPROCESSOR_DEFINITIONS = (
					"DEBUG=1",
					"$(inherited)",
				);
				GCC_WARN_64_TO_32_BIT_CONVERSION = YES;
				GCC_WARN_ABOUT_RETURN_TYPE = YES_ERROR;
				GCC_WARN_UNDECLARED_SELECTOR = YES;
				GCC_WARN_UNINITIALIZED_AUTOS = YES_AGGRESSIVE;
				GCC_WARN_UNUSED_FUNCTION = YES;
				GCC_WARN_UNUSED_VARIABLE = YES;
				IPHONEOS_DEPLOYMENT_TARGET = 16.2;
				MTL_ENABLE_DEBUG_INFO = INCLUDE_SOURCE;
				MTL_FAST_MATH = YES;
				ONLY_ACTIVE_ARCH = YES;
				SDKROOT = iphoneos;
				SWIFT_ACTIVE_COMPILATION_CONDITIONS = DEBUG;
				SWIFT_OPTIMIZATION_LEVEL = "-Onone";
			};
			name = Debug;
		};
		7196F09029EEB90A00A36403 /* Release */ = {
			isa = XCBuildConfiguration;
			buildSettings = {
				ALWAYS_SEARCH_USER_PATHS = NO;
				CLANG_ANALYZER_NONNULL = YES;
				CLANG_ANALYZER_NUMBER_OBJECT_CONVERSION = YES_AGGRESSIVE;
				CLANG_CXX_LANGUAGE_STANDARD = "gnu++20";
				CLANG_ENABLE_MODULES = YES;
				CLANG_ENABLE_OBJC_ARC = YES;
				CLANG_ENABLE_OBJC_WEAK = YES;
				CLANG_WARN_BLOCK_CAPTURE_AUTORELEASING = YES;
				CLANG_WARN_BOOL_CONVERSION = YES;
				CLANG_WARN_COMMA = YES;
				CLANG_WARN_CONSTANT_CONVERSION = YES;
				CLANG_WARN_DEPRECATED_OBJC_IMPLEMENTATIONS = YES;
				CLANG_WARN_DIRECT_OBJC_ISA_USAGE = YES_ERROR;
				CLANG_WARN_DOCUMENTATION_COMMENTS = YES;
				CLANG_WARN_EMPTY_BODY = YES;
				CLANG_WARN_ENUM_CONVERSION = YES;
				CLANG_WARN_INFINITE_RECURSION = YES;
				CLANG_WARN_INT_CONVERSION = YES;
				CLANG_WARN_NON_LITERAL_NULL_CONVERSION = YES;
				CLANG_WARN_OBJC_IMPLICIT_RETAIN_SELF = YES;
				CLANG_WARN_OBJC_LITERAL_CONVERSION = YES;
				CLANG_WARN_OBJC_ROOT_CLASS = YES_ERROR;
				CLANG_WARN_QUOTED_INCLUDE_IN_FRAMEWORK_HEADER = YES;
				CLANG_WARN_RANGE_LOOP_ANALYSIS = YES;
				CLANG_WARN_STRICT_PROTOTYPES = YES;
				CLANG_WARN_SUSPICIOUS_MOVE = YES;
				CLANG_WARN_UNGUARDED_AVAILABILITY = YES_AGGRESSIVE;
				CLANG_WARN_UNREACHABLE_CODE = YES;
				CLANG_WARN__DUPLICATE_METHOD_MATCH = YES;
				COPY_PHASE_STRIP = NO;
				DEBUG_INFORMATION_FORMAT = "dwarf-with-dsym";
				ENABLE_NS_ASSERTIONS = NO;
				ENABLE_STRICT_OBJC_MSGSEND = YES;
				GCC_C_LANGUAGE_STANDARD = gnu11;
				GCC_NO_COMMON_BLOCKS = YES;
				GCC_WARN_64_TO_32_BIT_CONVERSION = YES;
				GCC_WARN_ABOUT_RETURN_TYPE = YES_ERROR;
				GCC_WARN_UNDECLARED_SELECTOR = YES;
				GCC_WARN_UNINITIALIZED_AUTOS = YES_AGGRESSIVE;
				GCC_WARN_UNUSED_FUNCTION = YES;
				GCC_WARN_UNUSED_VARIABLE = YES;
				IPHONEOS_DEPLOYMENT_TARGET = 16.2;
				MTL_ENABLE_DEBUG_INFO = NO;
				MTL_FAST_MATH = YES;
				SDKROOT = iphoneos;
				SWIFT_COMPILATION_MODE = wholemodule;
				SWIFT_OPTIMIZATION_LEVEL = "-O";
				VALIDATE_PRODUCT = YES;
			};
			name = Release;
		};
		7196F09229EEB90A00A36403 /* Debug */ = {
			isa = XCBuildConfiguration;
			buildSettings = {
				ASSETCATALOG_COMPILER_APPICON_NAME = AppIcon;
				ASSETCATALOG_COMPILER_GLOBAL_ACCENT_COLOR_NAME = AccentColor;
				CODE_SIGN_STYLE = Automatic;
				CURRENT_PROJECT_VERSION = 1;
				GENERATE_INFOPLIST_FILE = YES;
				INFOPLIST_FILE = EducationApp/Info.plist;
				INFOPLIST_KEY_UIApplicationSupportsIndirectInputEvents = YES;
				INFOPLIST_KEY_UILaunchStoryboardName = LaunchScreen;
				INFOPLIST_KEY_UIMainStoryboardFile = Main;
				INFOPLIST_KEY_UISupportedInterfaceOrientations_iPad = "UIInterfaceOrientationPortrait UIInterfaceOrientationPortraitUpsideDown UIInterfaceOrientationLandscapeLeft UIInterfaceOrientationLandscapeRight";
				INFOPLIST_KEY_UISupportedInterfaceOrientations_iPhone = "UIInterfaceOrientationPortrait UIInterfaceOrientationLandscapeLeft UIInterfaceOrientationLandscapeRight";
				LD_RUNPATH_SEARCH_PATHS = (
					"$(inherited)",
					"@executable_path/Frameworks",
				);
				MARKETING_VERSION = 1.0;
				PRODUCT_BUNDLE_IDENTIFIER = com.example.EducationApp;
				PRODUCT_NAME = "$(TARGET_NAME)";
				SWIFT_EMIT_LOC_STRINGS = YES;
				SWIFT_VERSION = 5.0;
				TARGETED_DEVICE_FAMILY = "1,2";
			};
			name = Debug;
		};
		7196F09329EEB90A00A36403 /* Release */ = {
			isa = XCBuildConfiguration;
			buildSettings = {
				ASSETCATALOG_COMPILER_APPICON_NAME = AppIcon;
				ASSETCATALOG_COMPILER_GLOBAL_ACCENT_COLOR_NAME = AccentColor;
				CODE_SIGN_STYLE = Automatic;
				CURRENT_PROJECT_VERSION = 1;
				GENERATE_INFOPLIST_FILE = YES;
				INFOPLIST_FILE = EducationApp/Info.plist;
				INFOPLIST_KEY_UIApplicationSupportsIndirectInputEvents = YES;
				INFOPLIST_KEY_UILaunchStoryboardName = LaunchScreen;
				INFOPLIST_KEY_UIMainStoryboardFile = Main;
				INFOPLIST_KEY_UISupportedInterfaceOrientations_iPad = "UIInterfaceOrientationPortrait UIInterfaceOrientationPortraitUpsideDown UIInterfaceOrientationLandscapeLeft UIInterfaceOrientationLandscapeRight";
				INFOPLIST_KEY_UISupportedInterfaceOrientations_iPhone = "UIInterfaceOrientationPortrait UIInterfaceOrientationLandscapeLeft UIInterfaceOrientationLandscapeRight";
				LD_RUNPATH_SEARCH_PATHS = (
					"$(inherited)",
					"@executable_path/Frameworks",
				);
				MARKETING_VERSION = 1.0;
				PRODUCT_BUNDLE_IDENTIFIER = com.example.EducationApp;
				PRODUCT_NAME = "$(TARGET_NAME)";
				SWIFT_EMIT_LOC_STRINGS = YES;
				SWIFT_VERSION = 5.0;
				TARGETED_DEVICE_FAMILY = "1,2";
			};
			name = Release;
		};
		7196FFD329F18F6600D3C835 /* Debug */ = {
			isa = XCBuildConfiguration;
			buildSettings = {
				BUNDLE_LOADER = "$(TEST_HOST)";
				CODE_SIGN_STYLE = Automatic;
				CURRENT_PROJECT_VERSION = 1;
				GENERATE_INFOPLIST_FILE = YES;
				MARKETING_VERSION = 1.0;
				PRODUCT_BUNDLE_IDENTIFIER = com.example.EducationAppTests;
				PRODUCT_NAME = "$(TARGET_NAME)";
				SWIFT_EMIT_LOC_STRINGS = NO;
				SWIFT_VERSION = 5.0;
				TARGETED_DEVICE_FAMILY = "1,2";
				TEST_HOST = "$(BUILT_PRODUCTS_DIR)/EducationApp.app/$(BUNDLE_EXECUTABLE_FOLDER_PATH)/EducationApp";
			};
			name = Debug;
		};
		7196FFD429F18F6600D3C835 /* Release */ = {
			isa = XCBuildConfiguration;
			buildSettings = {
				BUNDLE_LOADER = "$(TEST_HOST)";
				CODE_SIGN_STYLE = Automatic;
				CURRENT_PROJECT_VERSION = 1;
				GENERATE_INFOPLIST_FILE = YES;
				MARKETING_VERSION = 1.0;
				PRODUCT_BUNDLE_IDENTIFIER = com.example.EducationAppTests;
				PRODUCT_NAME = "$(TARGET_NAME)";
				SWIFT_EMIT_LOC_STRINGS = NO;
				SWIFT_VERSION = 5.0;
				TARGETED_DEVICE_FAMILY = "1,2";
				TEST_HOST = "$(BUILT_PRODUCTS_DIR)/EducationApp.app/$(BUNDLE_EXECUTABLE_FOLDER_PATH)/EducationApp";
			};
			name = Release;
		};
		7196FFE929F1C54200D3C835 /* Debug */ = {
			isa = XCBuildConfiguration;
			buildSettings = {
				CODE_SIGN_STYLE = Automatic;
				CURRENT_PROJECT_VERSION = 1;
				GENERATE_INFOPLIST_FILE = YES;
				MARKETING_VERSION = 1.0;
				PRODUCT_BUNDLE_IDENTIFIER = com.example.EducationAppUITests;
				PRODUCT_NAME = "$(TARGET_NAME)";
				SWIFT_EMIT_LOC_STRINGS = NO;
				SWIFT_VERSION = 5.0;
				TARGETED_DEVICE_FAMILY = "1,2";
				TEST_TARGET_NAME = EducationApp;
			};
			name = Debug;
		};
		7196FFEA29F1C54200D3C835 /* Release */ = {
			isa = XCBuildConfiguration;
			buildSettings = {
				CODE_SIGN_STYLE = Automatic;
				CURRENT_PROJECT_VERSION = 1;
				GENERATE_INFOPLIST_FILE = YES;
				MARKETING_VERSION = 1.0;
				PRODUCT_BUNDLE_IDENTIFIER = com.example.EducationAppUITests;
				PRODUCT_NAME = "$(TARGET_NAME)";
				SWIFT_EMIT_LOC_STRINGS = NO;
				SWIFT_VERSION = 5.0;
				TARGETED_DEVICE_FAMILY = "1,2";
				TEST_TARGET_NAME = EducationApp;
			};
			name = Release;
		};
		7199631F29FA507D00CF205C /* Debug */ = {
			isa = XCBuildConfiguration;
			buildSettings = {
				BUNDLE_LOADER = "$(TEST_HOST)";
				CODE_SIGN_STYLE = Automatic;
				CURRENT_PROJECT_VERSION = 1;
				GENERATE_INFOPLIST_FILE = YES;
				MARKETING_VERSION = 1.0;
				PRODUCT_BUNDLE_IDENTIFIER = com.example.CalculationTest;
				PRODUCT_NAME = "$(TARGET_NAME)";
				SWIFT_EMIT_LOC_STRINGS = NO;
				SWIFT_VERSION = 5.0;
				TARGETED_DEVICE_FAMILY = "1,2";
				TEST_HOST = "$(BUILT_PRODUCTS_DIR)/EducationApp.app/$(BUNDLE_EXECUTABLE_FOLDER_PATH)/EducationApp";
			};
			name = Debug;
		};
		7199632029FA507D00CF205C /* Release */ = {
			isa = XCBuildConfiguration;
			buildSettings = {
				BUNDLE_LOADER = "$(TEST_HOST)";
				CODE_SIGN_STYLE = Automatic;
				CURRENT_PROJECT_VERSION = 1;
				GENERATE_INFOPLIST_FILE = YES;
				MARKETING_VERSION = 1.0;
				PRODUCT_BUNDLE_IDENTIFIER = com.example.CalculationTest;
				PRODUCT_NAME = "$(TARGET_NAME)";
				SWIFT_EMIT_LOC_STRINGS = NO;
				SWIFT_VERSION = 5.0;
				TARGETED_DEVICE_FAMILY = "1,2";
				TEST_HOST = "$(BUILT_PRODUCTS_DIR)/EducationApp.app/$(BUNDLE_EXECUTABLE_FOLDER_PATH)/EducationApp";
			};
			name = Release;
		};
/* End XCBuildConfiguration section */

/* Begin XCConfigurationList section */
		7196F07529EEB90800A36403 /* Build configuration list for PBXProject "EducationApp" */ = {
			isa = XCConfigurationList;
			buildConfigurations = (
				7196F08F29EEB90A00A36403 /* Debug */,
				7196F09029EEB90A00A36403 /* Release */,
			);
			defaultConfigurationIsVisible = 0;
			defaultConfigurationName = Release;
		};
		7196F09129EEB90A00A36403 /* Build configuration list for PBXNativeTarget "EducationApp" */ = {
			isa = XCConfigurationList;
			buildConfigurations = (
				7196F09229EEB90A00A36403 /* Debug */,
				7196F09329EEB90A00A36403 /* Release */,
			);
			defaultConfigurationIsVisible = 0;
			defaultConfigurationName = Release;
		};
		7196FFD529F18F6600D3C835 /* Build configuration list for PBXNativeTarget "EducationAppTests" */ = {
			isa = XCConfigurationList;
			buildConfigurations = (
				7196FFD329F18F6600D3C835 /* Debug */,
				7196FFD429F18F6600D3C835 /* Release */,
			);
			defaultConfigurationIsVisible = 0;
			defaultConfigurationName = Release;
		};
		7196FFE829F1C54200D3C835 /* Build configuration list for PBXNativeTarget "EducationAppUITests" */ = {
			isa = XCConfigurationList;
			buildConfigurations = (
				7196FFE929F1C54200D3C835 /* Debug */,
				7196FFEA29F1C54200D3C835 /* Release */,
			);
			defaultConfigurationIsVisible = 0;
			defaultConfigurationName = Release;
		};
		7199632129FA507D00CF205C /* Build configuration list for PBXNativeTarget "CalculationTest" */ = {
			isa = XCConfigurationList;
			buildConfigurations = (
				7199631F29FA507D00CF205C /* Debug */,
				7199632029FA507D00CF205C /* Release */,
			);
			defaultConfigurationIsVisible = 0;
			defaultConfigurationName = Release;
		};
/* End XCConfigurationList section */

/* Begin XCVersionGroup section */
		7196F08629EEB90800A36403 /* EducationApp.xcdatamodeld */ = {
			isa = XCVersionGroup;
			children = (
				7196F08729EEB90800A36403 /* EducationApp.xcdatamodel */,
			);
			currentVersion = 7196F08729EEB90800A36403 /* EducationApp.xcdatamodel */;
			path = EducationApp.xcdatamodeld;
			sourceTree = "<group>";
			versionGroupType = wrapper.xcdatamodel;
		};
/* End XCVersionGroup section */
	};
	rootObject = 7196F07229EEB90800A36403 /* Project object */;
}
